
Microsoft Visual Studio Solution File, Format Version 12.00
# Visual Studio Version 16
VisualStudioVersion = 16.0.30907.101
MinimumVisualStudioVersion = 10.0.40219.1
Project("{FAE04EC0-301F-11D3-BF4B-00C04F79EFBC}") = "IMM_Lab1", "IMM_Lab1\IMM_Lab1.csproj", "{65FC907C-C609-461B-BC1C-8AFFF7D113EE}"
EndProject
Global
	GlobalSection(SolutionConfigurationPlatforms) = preSolution
		Debug|Any CPU = Debug|Any CPU
		Release|Any CPU = Release|Any CPU
	EndGlobalSection
	GlobalSection(ProjectConfigurationPlatforms) = postSolution
		{65FC907C-C609-461B-BC1C-8AFFF7D113EE}.Debug|Any CPU.ActiveCfg = Debug|Any CPU
		{65FC907C-C609-461B-BC1C-8AFFF7D113EE}.Debug|Any CPU.Build.0 = Debug|Any CPU
		{65FC907C-C609-461B-BC1C-8AFFF7D113EE}.Release|Any CPU.ActiveCfg = Release|Any CPU
		{65FC907C-C609-461B-BC1C-8AFFF7D113EE}.Release|Any CPU.Build.0 = Release|Any CPU
	EndGlobalSection
	GlobalSection(SolutionProperties) = preSolution
		HideSolutionNode = FALSE
	EndGlobalSection
	GlobalSection(ExtensibilityGlobals) = postSolution
		SolutionGuid = {EF657B4A-F7E8-454C-8C51-E5D5B1B8CF6B}
	EndGlobalSection
EndGlobal
